
Microsoft Visual Studio Solution File, Format Version 12.00
# Visual Studio 15
VisualStudioVersion = 15.0.26430.6
MinimumVisualStudioVersion = 10.0.40219.1
Project("{2150E333-8FDC-42A3-9474-1A3956D46DE8}") = "Week 1", "Week 1", "{872D7FE6-C774-4610-8997-B075200CACFA}"
EndProject
Project("{FAE04EC0-301F-11D3-BF4B-00C04F79EFBC}") = "1. a+b", "1. a+b\1. a+b.csproj", "{4A4D10E2-0193-48EB-9777-E8569AD03D76}"
EndProject
Project("{FAE04EC0-301F-11D3-BF4B-00C04F79EFBC}") = "2. a+squareb", "2. a+squareb\2. a+squareb.csproj", "{EAC7F94B-1A74-4D07-BCE0-65ECAB9D3EBB}"
EndProject
Project("{FAE04EC0-301F-11D3-BF4B-00C04F79EFBC}") = "3. Sort by insert", "3. Sort by insert\3. Sort by insert.csproj", "{11496760-1E97-46BA-A67C-48FFBF3275DE}"
EndProject
Project("{FAE04EC0-301F-11D3-BF4B-00C04F79EFBC}") = "4. Sortland", "4. Sortland\4. Sortland.csproj", "{271A441C-DB1B-4421-9C2B-35953377BD5C}"
EndProject
Global
	GlobalSection(SolutionConfigurationPlatforms) = preSolution
		Debug|Any CPU = Debug|Any CPU
		Release|Any CPU = Release|Any CPU
	EndGlobalSection
	GlobalSection(ProjectConfigurationPlatforms) = postSolution
		{4A4D10E2-0193-48EB-9777-E8569AD03D76}.Debug|Any CPU.ActiveCfg = Debug|Any CPU
		{4A4D10E2-0193-48EB-9777-E8569AD03D76}.Debug|Any CPU.Build.0 = Debug|Any CPU
		{4A4D10E2-0193-48EB-9777-E8569AD03D76}.Release|Any CPU.ActiveCfg = Release|Any CPU
		{4A4D10E2-0193-48EB-9777-E8569AD03D76}.Release|Any CPU.Build.0 = Release|Any CPU
		{EAC7F94B-1A74-4D07-BCE0-65ECAB9D3EBB}.Debug|Any CPU.ActiveCfg = Debug|Any CPU
		{EAC7F94B-1A74-4D07-BCE0-65ECAB9D3EBB}.Debug|Any CPU.Build.0 = Debug|Any CPU
		{EAC7F94B-1A74-4D07-BCE0-65ECAB9D3EBB}.Release|Any CPU.ActiveCfg = Release|Any CPU
		{EAC7F94B-1A74-4D07-BCE0-65ECAB9D3EBB}.Release|Any CPU.Build.0 = Release|Any CPU
		{11496760-1E97-46BA-A67C-48FFBF3275DE}.Debug|Any CPU.ActiveCfg = Debug|Any CPU
		{11496760-1E97-46BA-A67C-48FFBF3275DE}.Debug|Any CPU.Build.0 = Debug|Any CPU
		{11496760-1E97-46BA-A67C-48FFBF3275DE}.Release|Any CPU.ActiveCfg = Release|Any CPU
		{11496760-1E97-46BA-A67C-48FFBF3275DE}.Release|Any CPU.Build.0 = Release|Any CPU
		{271A441C-DB1B-4421-9C2B-35953377BD5C}.Debug|Any CPU.ActiveCfg = Debug|Any CPU
		{271A441C-DB1B-4421-9C2B-35953377BD5C}.Debug|Any CPU.Build.0 = Debug|Any CPU
		{271A441C-DB1B-4421-9C2B-35953377BD5C}.Release|Any CPU.ActiveCfg = Release|Any CPU
		{271A441C-DB1B-4421-9C2B-35953377BD5C}.Release|Any CPU.Build.0 = Release|Any CPU
	EndGlobalSection
	GlobalSection(SolutionProperties) = preSolution
		HideSolutionNode = FALSE
	EndGlobalSection
	GlobalSection(NestedProjects) = preSolution
		{4A4D10E2-0193-48EB-9777-E8569AD03D76} = {872D7FE6-C774-4610-8997-B075200CACFA}
		{EAC7F94B-1A74-4D07-BCE0-65ECAB9D3EBB} = {872D7FE6-C774-4610-8997-B075200CACFA}
		{11496760-1E97-46BA-A67C-48FFBF3275DE} = {872D7FE6-C774-4610-8997-B075200CACFA}
		{271A441C-DB1B-4421-9C2B-35953377BD5C} = {872D7FE6-C774-4610-8997-B075200CACFA}
	EndGlobalSection
	GlobalSection(ExtensibilityGlobals) = postSolution
		SolutionGuid = {062115D5-C667-4E84-929F-B42632D83E33}
	EndGlobalSection
EndGlobal
